// !$*UTF8*$!
{
	archiveVersion = 1;
	classes = {
	};
	objectVersion = 46;
	objects = {

/* Begin PBXBuildFile section */
		00BF436B9D08177D8BB3D829 /* Pods_rainyshinycloudyUITests.framework in Frameworks */ = {isa = PBXBuildFile; fileRef = 317A40DC74F484E90E589620 /* Pods_rainyshinycloudyUITests.framework */; };
		1AEF58796F010D198899837C /* Pods_rainyshinycloudy.framework in Frameworks */ = {isa = PBXBuildFile; fileRef = 88607F9CA4BD9750AE930048 /* Pods_rainyshinycloudy.framework */; };
		A6289AD38DE35E24C5082A5F /* Pods_rainyshinycloudyTests.framework in Frameworks */ = {isa = PBXBuildFile; fileRef = FC07635F702C8C6636E20A04 /* Pods_rainyshinycloudyTests.framework */; };
		BD8FC4CFB5B4E5C48D7102BF /* Pods_rainyshinycloudy_rainyshinycloudyTests.framework in Frameworks */ = {isa = PBXBuildFile; fileRef = 7514F37DD922E5B70AECEF5D /* Pods_rainyshinycloudy_rainyshinycloudyTests.framework */; };
		E79F16421DC941AA004822EF /* AppDelegate.swift in Sources */ = {isa = PBXBuildFile; fileRef = E79F16411DC941AA004822EF /* AppDelegate.swift */; };
		E79F16441DC941AA004822EF /* WeatherViewController.swift in Sources */ = {isa = PBXBuildFile; fileRef = E79F16431DC941AA004822EF /* WeatherViewController.swift */; };
		E79F16471DC941AA004822EF /* Main.storyboard in Resources */ = {isa = PBXBuildFile; fileRef = E79F16451DC941AA004822EF /* Main.storyboard */; };
		E79F164A1DC941AA004822EF /* rainyshinycloudy.xcdatamodeld in Sources */ = {isa = PBXBuildFile; fileRef = E79F16481DC941AA004822EF /* rainyshinycloudy.xcdatamodeld */; };
		E79F164C1DC941AA004822EF /* Assets.xcassets in Resources */ = {isa = PBXBuildFile; fileRef = E79F164B1DC941AA004822EF /* Assets.xcassets */; };
		E79F164F1DC941AA004822EF /* LaunchScreen.storyboard in Resources */ = {isa = PBXBuildFile; fileRef = E79F164D1DC941AA004822EF /* LaunchScreen.storyboard */; };
		E79F165A1DC941AA004822EF /* rainyshinycloudyTests.swift in Sources */ = {isa = PBXBuildFile; fileRef = E79F16591DC941AA004822EF /* rainyshinycloudyTests.swift */; };
		E79F16651DC941AA004822EF /* rainyshinycloudyUITests.swift in Sources */ = {isa = PBXBuildFile; fileRef = E79F16641DC941AA004822EF /* rainyshinycloudyUITests.swift */; };
		E79F16761DC951E7004822EF /* WeatherTableViewCell.swift in Sources */ = {isa = PBXBuildFile; fileRef = E79F16751DC951E7004822EF /* WeatherTableViewCell.swift */; };
		E79F16781DC9553C004822EF /* Constants.swift in Sources */ = {isa = PBXBuildFile; fileRef = E79F16771DC9553C004822EF /* Constants.swift */; };
		E79F167B1DC95721004822EF /* CurrentWeather.swift in Sources */ = {isa = PBXBuildFile; fileRef = E79F167A1DC95721004822EF /* CurrentWeather.swift */; };
		E7DA9BA31DCBEABA00DE1A64 /* Forecast.swift in Sources */ = {isa = PBXBuildFile; fileRef = E7DA9BA21DCBEABA00DE1A64 /* Forecast.swift */; };
		E7DA9BA51DCBFDCA00DE1A64 /* Location.swift in Sources */ = {isa = PBXBuildFile; fileRef = E7DA9BA41DCBFDCA00DE1A64 /* Location.swift */; };
/* End PBXBuildFile section */

/* Begin PBXContainerItemProxy section */
		E79F16561DC941AA004822EF /* PBXContainerItemProxy */ = {
			isa = PBXContainerItemProxy;
			containerPortal = E79F16361DC941AA004822EF /* Project object */;
			proxyType = 1;
			remoteGlobalIDString = E79F163D1DC941AA004822EF;
			remoteInfo = rainyshinycloudy;
		};
		E79F16611DC941AA004822EF /* PBXContainerItemProxy */ = {
			isa = PBXContainerItemProxy;
			containerPortal = E79F16361DC941AA004822EF /* Project object */;
			proxyType = 1;
			remoteGlobalIDString = E79F163D1DC941AA004822EF;
			remoteInfo = rainyshinycloudy;
		};
/* End PBXContainerItemProxy section */

/* Begin PBXFileReference section */
		317A40DC74F484E90E589620 /* Pods_rainyshinycloudyUITests.framework */ = {isa = PBXFileReference; explicitFileType = wrapper.framework; includeInIndex = 0; path = Pods_rainyshinycloudyUITests.framework; sourceTree = BUILT_PRODUCTS_DIR; };
		4857BAD237F198890CE0FBC7 /* Pods-rainyshinycloudy-rainyshinycloudyTests.release.xcconfig */ = {isa = PBXFileReference; includeInIndex = 1; lastKnownFileType = text.xcconfig; name = "Pods-rainyshinycloudy-rainyshinycloudyTests.release.xcconfig"; path = "Pods/Target Support Files/Pods-rainyshinycloudy-rainyshinycloudyTests/Pods-rainyshinycloudy-rainyshinycloudyTests.release.xcconfig"; sourceTree = "<group>"; };
		514718FEFE92D60A7C8B338B /* Pods-rainyshinycloudy.debug.xcconfig */ = {isa = PBXFileReference; includeInIndex = 1; lastKnownFileType = text.xcconfig; name = "Pods-rainyshinycloudy.debug.xcconfig"; path = "Pods/Target Support Files/Pods-rainyshinycloudy/Pods-rainyshinycloudy.debug.xcconfig"; sourceTree = "<group>"; };
		5395053D309A3391D05A4454 /* Pods-rainyshinycloudy-rainyshinycloudyTests.debug.xcconfig */ = {isa = PBXFileReference; includeInIndex = 1; lastKnownFileType = text.xcconfig; name = "Pods-rainyshinycloudy-rainyshinycloudyTests.debug.xcconfig"; path = "Pods/Target Support Files/Pods-rainyshinycloudy-rainyshinycloudyTests/Pods-rainyshinycloudy-rainyshinycloudyTests.debug.xcconfig"; sourceTree = "<group>"; };
		7514F37DD922E5B70AECEF5D /* Pods_rainyshinycloudy_rainyshinycloudyTests.framework */ = {isa = PBXFileReference; explicitFileType = wrapper.framework; includeInIndex = 0; path = Pods_rainyshinycloudy_rainyshinycloudyTests.framework; sourceTree = BUILT_PRODUCTS_DIR; };
		8498675FBD3DE43863852EC1 /* Pods-rainyshinycloudyTests.debug.xcconfig */ = {isa = PBXFileReference; includeInIndex = 1; lastKnownFileType = text.xcconfig; name = "Pods-rainyshinycloudyTests.debug.xcconfig"; path = "Pods/Target Support Files/Pods-rainyshinycloudyTests/Pods-rainyshinycloudyTests.debug.xcconfig"; sourceTree = "<group>"; };
		88607F9CA4BD9750AE930048 /* Pods_rainyshinycloudy.framework */ = {isa = PBXFileReference; explicitFileType = wrapper.framework; includeInIndex = 0; path = Pods_rainyshinycloudy.framework; sourceTree = BUILT_PRODUCTS_DIR; };
		BB72E0E33FDC45D2924AE4CD /* Pods-rainyshinycloudyTests.release.xcconfig */ = {isa = PBXFileReference; includeInIndex = 1; lastKnownFileType = text.xcconfig; name = "Pods-rainyshinycloudyTests.release.xcconfig"; path = "Pods/Target Support Files/Pods-rainyshinycloudyTests/Pods-rainyshinycloudyTests.release.xcconfig"; sourceTree = "<group>"; };
		CB6825657C94481BB81067EA /* Pods-rainyshinycloudyUITests.debug.xcconfig */ = {isa = PBXFileReference; includeInIndex = 1; lastKnownFileType = text.xcconfig; name = "Pods-rainyshinycloudyUITests.debug.xcconfig"; path = "Pods/Target Support Files/Pods-rainyshinycloudyUITests/Pods-rainyshinycloudyUITests.debug.xcconfig"; sourceTree = "<group>"; };
		E79F163E1DC941AA004822EF /* rainyshinycloudy.app */ = {isa = PBXFileReference; explicitFileType = wrapper.application; includeInIndex = 0; path = rainyshinycloudy.app; sourceTree = BUILT_PRODUCTS_DIR; };
		E79F16411DC941AA004822EF /* AppDelegate.swift */ = {isa = PBXFileReference; lastKnownFileType = sourcecode.swift; path = AppDelegate.swift; sourceTree = "<group>"; };
		E79F16431DC941AA004822EF /* WeatherViewController.swift */ = {isa = PBXFileReference; lastKnownFileType = sourcecode.swift; path = WeatherViewController.swift; sourceTree = "<group>"; };
		E79F16461DC941AA004822EF /* Base */ = {isa = PBXFileReference; lastKnownFileType = file.storyboard; name = Base; path = Base.lproj/Main.storyboard; sourceTree = "<group>"; };
		E79F16491DC941AA004822EF /* rainyshinycloudy.xcdatamodel */ = {isa = PBXFileReference; lastKnownFileType = wrapper.xcdatamodel; path = rainyshinycloudy.xcdatamodel; sourceTree = "<group>"; };
		E79F164B1DC941AA004822EF /* Assets.xcassets */ = {isa = PBXFileReference; lastKnownFileType = folder.assetcatalog; path = Assets.xcassets; sourceTree = "<group>"; };
		E79F164E1DC941AA004822EF /* Base */ = {isa = PBXFileReference; lastKnownFileType = file.storyboard; name = Base; path = Base.lproj/LaunchScreen.storyboard; sourceTree = "<group>"; };
		E79F16501DC941AA004822EF /* Info.plist */ = {isa = PBXFileReference; lastKnownFileType = text.plist.xml; path = Info.plist; sourceTree = "<group>"; };
		E79F16551DC941AA004822EF /* rainyshinycloudyTests.xctest */ = {isa = PBXFileReference; explicitFileType = wrapper.cfbundle; includeInIndex = 0; path = rainyshinycloudyTests.xctest; sourceTree = BUILT_PRODUCTS_DIR; };
		E79F16591DC941AA004822EF /* rainyshinycloudyTests.swift */ = {isa = PBXFileReference; lastKnownFileType = sourcecode.swift; path = rainyshinycloudyTests.swift; sourceTree = "<group>"; };
		E79F165B1DC941AA004822EF /* Info.plist */ = {isa = PBXFileReference; lastKnownFileType = text.plist.xml; path = Info.plist; sourceTree = "<group>"; };
		E79F16601DC941AA004822EF /* rainyshinycloudyUITests.xctest */ = {isa = PBXFileReference; explicitFileType = wrapper.cfbundle; includeInIndex = 0; path = rainyshinycloudyUITests.xctest; sourceTree = BUILT_PRODUCTS_DIR; };
		E79F16641DC941AA004822EF /* rainyshinycloudyUITests.swift */ = {isa = PBXFileReference; lastKnownFileType = sourcecode.swift; path = rainyshinycloudyUITests.swift; sourceTree = "<group>"; };
		E79F16661DC941AA004822EF /* Info.plist */ = {isa = PBXFileReference; lastKnownFileType = text.plist.xml; path = Info.plist; sourceTree = "<group>"; };
		E79F16751DC951E7004822EF /* WeatherTableViewCell.swift */ = {isa = PBXFileReference; fileEncoding = 4; lastKnownFileType = sourcecode.swift; path = WeatherTableViewCell.swift; sourceTree = "<group>"; };
		E79F16771DC9553C004822EF /* Constants.swift */ = {isa = PBXFileReference; fileEncoding = 4; lastKnownFileType = sourcecode.swift; path = Constants.swift; sourceTree = "<group>"; };
		E79F167A1DC95721004822EF /* CurrentWeather.swift */ = {isa = PBXFileReference; fileEncoding = 4; lastKnownFileType = sourcecode.swift; path = CurrentWeather.swift; sourceTree = "<group>"; };
		E7DA9BA21DCBEABA00DE1A64 /* Forecast.swift */ = {isa = PBXFileReference; fileEncoding = 4; lastKnownFileType = sourcecode.swift; path = Forecast.swift; sourceTree = "<group>"; };
		E7DA9BA41DCBFDCA00DE1A64 /* Location.swift */ = {isa = PBXFileReference; fileEncoding = 4; lastKnownFileType = sourcecode.swift; path = Location.swift; sourceTree = "<group>"; };
		EF0DA99DF89991D6C73C3535 /* Pods-rainyshinycloudy.release.xcconfig */ = {isa = PBXFileReference; includeInIndex = 1; lastKnownFileType = text.xcconfig; name = "Pods-rainyshinycloudy.release.xcconfig"; path = "Pods/Target Support Files/Pods-rainyshinycloudy/Pods-rainyshinycloudy.release.xcconfig"; sourceTree = "<group>"; };
		F37D3C3D99675B5B6134AC41 /* Pods-rainyshinycloudyUITests.release.xcconfig */ = {isa = PBXFileReference; includeInIndex = 1; lastKnownFileType = text.xcconfig; name = "Pods-rainyshinycloudyUITests.release.xcconfig"; path = "Pods/Target Support Files/Pods-rainyshinycloudyUITests/Pods-rainyshinycloudyUITests.release.xcconfig"; sourceTree = "<group>"; };
		FC07635F702C8C6636E20A04 /* Pods_rainyshinycloudyTests.framework */ = {isa = PBXFileReference; explicitFileType = wrapper.framework; includeInIndex = 0; path = Pods_rainyshinycloudyTests.framework; sourceTree = BUILT_PRODUCTS_DIR; };
/* End PBXFileReference section */

/* Begin PBXFrameworksBuildPhase section */
		E79F163B1DC941AA004822EF /* Frameworks */ = {
			isa = PBXFrameworksBuildPhase;
			buildActionMask = 2147483647;
			files = (
				1AEF58796F010D198899837C /* Pods_rainyshinycloudy.framework in Frameworks */,
			);
			runOnlyForDeploymentPostprocessing = 0;
		};
		E79F16521DC941AA004822EF /* Frameworks */ = {
			isa = PBXFrameworksBuildPhase;
			buildActionMask = 2147483647;
			files = (
				BD8FC4CFB5B4E5C48D7102BF /* Pods_rainyshinycloudy_rainyshinycloudyTests.framework in Frameworks */,
				A6289AD38DE35E24C5082A5F /* Pods_rainyshinycloudyTests.framework in Frameworks */,
			);
			runOnlyForDeploymentPostprocessing = 0;
		};
		E79F165D1DC941AA004822EF /* Frameworks */ = {
			isa = PBXFrameworksBuildPhase;
			buildActionMask = 2147483647;
			files = (
				00BF436B9D08177D8BB3D829 /* Pods_rainyshinycloudyUITests.framework in Frameworks */,
			);
			runOnlyForDeploymentPostprocessing = 0;
		};
/* End PBXFrameworksBuildPhase section */

/* Begin PBXGroup section */
		46C161337C25495E65AB5DF4 /* Pods */ = {
			isa = PBXGroup;
			children = (
				514718FEFE92D60A7C8B338B /* Pods-rainyshinycloudy.debug.xcconfig */,
				EF0DA99DF89991D6C73C3535 /* Pods-rainyshinycloudy.release.xcconfig */,
				5395053D309A3391D05A4454 /* Pods-rainyshinycloudy-rainyshinycloudyTests.debug.xcconfig */,
				4857BAD237F198890CE0FBC7 /* Pods-rainyshinycloudy-rainyshinycloudyTests.release.xcconfig */,
				CB6825657C94481BB81067EA /* Pods-rainyshinycloudyUITests.debug.xcconfig */,
				F37D3C3D99675B5B6134AC41 /* Pods-rainyshinycloudyUITests.release.xcconfig */,
				8498675FBD3DE43863852EC1 /* Pods-rainyshinycloudyTests.debug.xcconfig */,
				BB72E0E33FDC45D2924AE4CD /* Pods-rainyshinycloudyTests.release.xcconfig */,
			);
			name = Pods;
			sourceTree = "<group>";
		};
		E3CD838624D279FE72F76C65 /* Frameworks */ = {
			isa = PBXGroup;
			children = (
				88607F9CA4BD9750AE930048 /* Pods_rainyshinycloudy.framework */,
				7514F37DD922E5B70AECEF5D /* Pods_rainyshinycloudy_rainyshinycloudyTests.framework */,
				317A40DC74F484E90E589620 /* Pods_rainyshinycloudyUITests.framework */,
				FC07635F702C8C6636E20A04 /* Pods_rainyshinycloudyTests.framework */,
			);
			name = Frameworks;
			sourceTree = "<group>";
		};
		E79F16351DC941AA004822EF = {
			isa = PBXGroup;
			children = (
				E79F16401DC941AA004822EF /* rainyshinycloudy */,
				E79F16581DC941AA004822EF /* rainyshinycloudyTests */,
				E79F16631DC941AA004822EF /* rainyshinycloudyUITests */,
				E79F163F1DC941AA004822EF /* Products */,
				46C161337C25495E65AB5DF4 /* Pods */,
				E3CD838624D279FE72F76C65 /* Frameworks */,
			);
			sourceTree = "<group>";
		};
		E79F163F1DC941AA004822EF /* Products */ = {
			isa = PBXGroup;
			children = (
				E79F163E1DC941AA004822EF /* rainyshinycloudy.app */,
				E79F16551DC941AA004822EF /* rainyshinycloudyTests.xctest */,
				E79F16601DC941AA004822EF /* rainyshinycloudyUITests.xctest */,
			);
			name = Products;
			sourceTree = "<group>";
		};
		E79F16401DC941AA004822EF /* rainyshinycloudy */ = {
			isa = PBXGroup;
			children = (
				E79F167A1DC95721004822EF /* CurrentWeather.swift */,
				E79F16741DC951C8004822EF /* model */,
				E79F16731DC94777004822EF /* view */,
				E79F16721DC9476A004822EF /* controller */,
				E79F16411DC941AA004822EF /* AppDelegate.swift */,
				E79F16431DC941AA004822EF /* WeatherViewController.swift */,
				E79F16451DC941AA004822EF /* Main.storyboard */,
				E79F164B1DC941AA004822EF /* Assets.xcassets */,
				E79F164D1DC941AA004822EF /* LaunchScreen.storyboard */,
				E79F16501DC941AA004822EF /* Info.plist */,
				E79F16481DC941AA004822EF /* rainyshinycloudy.xcdatamodeld */,
			);
			path = rainyshinycloudy;
			sourceTree = "<group>";
		};
		E79F16581DC941AA004822EF /* rainyshinycloudyTests */ = {
			isa = PBXGroup;
			children = (
				E79F16591DC941AA004822EF /* rainyshinycloudyTests.swift */,
				E79F165B1DC941AA004822EF /* Info.plist */,
			);
			path = rainyshinycloudyTests;
			sourceTree = "<group>";
		};
		E79F16631DC941AA004822EF /* rainyshinycloudyUITests */ = {
			isa = PBXGroup;
			children = (
				E79F16641DC941AA004822EF /* rainyshinycloudyUITests.swift */,
				E79F16661DC941AA004822EF /* Info.plist */,
			);
			path = rainyshinycloudyUITests;
			sourceTree = "<group>";
		};
		E79F16721DC9476A004822EF /* controller */ = {
			isa = PBXGroup;
			children = (
			);
			name = controller;
			sourceTree = "<group>";
		};
		E79F16731DC94777004822EF /* view */ = {
			isa = PBXGroup;
			children = (
				E79F16751DC951E7004822EF /* WeatherTableViewCell.swift */,
			);
			name = view;
			sourceTree = "<group>";
		};
		E79F16741DC951C8004822EF /* model */ = {
			isa = PBXGroup;
			children = (
				E79F16771DC9553C004822EF /* Constants.swift */,
				E7DA9BA21DCBEABA00DE1A64 /* Forecast.swift */,
				E7DA9BA41DCBFDCA00DE1A64 /* Location.swift */,
			);
			name = model;
			sourceTree = "<group>";
		};
/* End PBXGroup section */

/* Begin PBXNativeTarget section */
		E79F163D1DC941AA004822EF /* rainyshinycloudy */ = {
			isa = PBXNativeTarget;
			buildConfigurationList = E79F16691DC941AA004822EF /* Build configuration list for PBXNativeTarget "rainyshinycloudy" */;
			buildPhases = (
				8BCBE5F3E30DA0117EC766A8 /* [CP] Check Pods Manifest.lock */,
				E79F163A1DC941AA004822EF /* Sources */,
				E79F163B1DC941AA004822EF /* Frameworks */,
				E79F163C1DC941AA004822EF /* Resources */,
				AF9D9B44039D6C16DDDECC8D /* [CP] Embed Pods Frameworks */,
				F611436A1D5C5FB8BB260474 /* [CP] Copy Pods Resources */,
			);
			buildRules = (
			);
			dependencies = (
			);
			name = rainyshinycloudy;
			productName = rainyshinycloudy;
			productReference = E79F163E1DC941AA004822EF /* rainyshinycloudy.app */;
			productType = "com.apple.product-type.application";
		};
		E79F16541DC941AA004822EF /* rainyshinycloudyTests */ = {
			isa = PBXNativeTarget;
			buildConfigurationList = E79F166C1DC941AA004822EF /* Build configuration list for PBXNativeTarget "rainyshinycloudyTests" */;
			buildPhases = (
				50EDF1AF006C5F4FB69FECA1 /* [CP] Check Pods Manifest.lock */,
				E79F16511DC941AA004822EF /* Sources */,
				E79F16521DC941AA004822EF /* Frameworks */,
				E79F16531DC941AA004822EF /* Resources */,
				A3775BD1871545D532660B2C /* [CP] Embed Pods Frameworks */,
				838AF661510673B15D8368EC /* [CP] Copy Pods Resources */,
			);
			buildRules = (
			);
			dependencies = (
				E79F16571DC941AA004822EF /* PBXTargetDependency */,
			);
			name = rainyshinycloudyTests;
			productName = rainyshinycloudyTests;
			productReference = E79F16551DC941AA004822EF /* rainyshinycloudyTests.xctest */;
			productType = "com.apple.product-type.bundle.unit-test";
		};
		E79F165F1DC941AA004822EF /* rainyshinycloudyUITests */ = {
			isa = PBXNativeTarget;
			buildConfigurationList = E79F166F1DC941AA004822EF /* Build configuration list for PBXNativeTarget "rainyshinycloudyUITests" */;
			buildPhases = (
				D17BF6A87BD57789ADADED8E /* [CP] Check Pods Manifest.lock */,
				E79F165C1DC941AA004822EF /* Sources */,
				E79F165D1DC941AA004822EF /* Frameworks */,
				E79F165E1DC941AA004822EF /* Resources */,
				8506DB6DC1728B56B19EC338 /* [CP] Embed Pods Frameworks */,
				9B1285C9CF539F14A400F1BD /* [CP] Copy Pods Resources */,
			);
			buildRules = (
			);
			dependencies = (
				E79F16621DC941AA004822EF /* PBXTargetDependency */,
			);
			name = rainyshinycloudyUITests;
			productName = rainyshinycloudyUITests;
			productReference = E79F16601DC941AA004822EF /* rainyshinycloudyUITests.xctest */;
			productType = "com.apple.product-type.bundle.ui-testing";
		};
/* End PBXNativeTarget section */

/* Begin PBXProject section */
		E79F16361DC941AA004822EF /* Project object */ = {
			isa = PBXProject;
			attributes = {
				LastSwiftUpdateCheck = 0810;
				LastUpgradeCheck = 0810;
				ORGANIZATIONNAME = appinvent.uk;
				TargetAttributes = {
					E79F163D1DC941AA004822EF = {
						CreatedOnToolsVersion = 8.1;
						DevelopmentTeam = 54C4R8ZEE2;
						ProvisioningStyle = Automatic;
					};
					E79F16541DC941AA004822EF = {
						CreatedOnToolsVersion = 8.1;
						DevelopmentTeam = 54C4R8ZEE2;
						ProvisioningStyle = Automatic;
						TestTargetID = E79F163D1DC941AA004822EF;
					};
					E79F165F1DC941AA004822EF = {
						CreatedOnToolsVersion = 8.1;
						DevelopmentTeam = 54C4R8ZEE2;
						ProvisioningStyle = Automatic;
						TestTargetID = E79F163D1DC941AA004822EF;
					};
				};
			};
			buildConfigurationList = E79F16391DC941AA004822EF /* Build configuration list for PBXProject "rainyshinycloudy" */;
			compatibilityVersion = "Xcode 3.2";
			developmentRegion = English;
			hasScannedForEncodings = 0;
			knownRegions = (
				en,
				Base,
			);
			mainGroup = E79F16351DC941AA004822EF;
			productRefGroup = E79F163F1DC941AA004822EF /* Products */;
			projectDirPath = "";
			projectRoot = "";
			targets = (
				E79F163D1DC941AA004822EF /* rainyshinycloudy */,
				E79F16541DC941AA004822EF /* rainyshinycloudyTests */,
				E79F165F1DC941AA004822EF /* rainyshinycloudyUITests */,
			);
		};
/* End PBXProject section */

/* Begin PBXResourcesBuildPhase section */
		E79F163C1DC941AA004822EF /* Resources */ = {
			isa = PBXResourcesBuildPhase;
			buildActionMask = 2147483647;
			files = (
				E79F164F1DC941AA004822EF /* LaunchScreen.storyboard in Resources */,
				E79F164C1DC941AA004822EF /* Assets.xcassets in Resources */,
				E79F16471DC941AA004822EF /* Main.storyboard in Resources */,
			);
			runOnlyForDeploymentPostprocessing = 0;
		};
		E79F16531DC941AA004822EF /* Resources */ = {
			isa = PBXResourcesBuildPhase;
			buildActionMask = 2147483647;
			files = (
			);
			runOnlyForDeploymentPostprocessing = 0;
		};
		E79F165E1DC941AA004822EF /* Resources */ = {
			isa = PBXResourcesBuildPhase;
			buildActionMask = 2147483647;
			files = (
			);
			runOnlyForDeploymentPostprocessing = 0;
		};
/* End PBXResourcesBuildPhase section */

/* Begin PBXShellScriptBuildPhase section */
		50EDF1AF006C5F4FB69FECA1 /* [CP] Check Pods Manifest.lock */ = {
			isa = PBXShellScriptBuildPhase;
			buildActionMask = 2147483647;
			files = (
			);
			inputPaths = (
			);
			name = "[CP] Check Pods Manifest.lock";
			outputPaths = (
			);
			runOnlyForDeploymentPostprocessing = 0;
			shellPath = /bin/sh;
			shellScript = "diff \"${PODS_ROOT}/../Podfile.lock\" \"${PODS_ROOT}/Manifest.lock\" > /dev/null\nif [ $? != 0 ] ; then\n    # print error to STDERR\n    echo \"error: The sandbox is not in sync with the Podfile.lock. Run 'pod install' or update your CocoaPods installation.\" >&2\n    exit 1\nfi\n";
			showEnvVarsInLog = 0;
		};
		838AF661510673B15D8368EC /* [CP] Copy Pods Resources */ = {
			isa = PBXShellScriptBuildPhase;
			buildActionMask = 2147483647;
			files = (
			);
			inputPaths = (
			);
			name = "[CP] Copy Pods Resources";
			outputPaths = (
			);
			runOnlyForDeploymentPostprocessing = 0;
			shellPath = /bin/sh;
			shellScript = "\"${SRCROOT}/Pods/Target Support Files/Pods-rainyshinycloudyTests/Pods-rainyshinycloudyTests-resources.sh\"\n";
			showEnvVarsInLog = 0;
		};
		8506DB6DC1728B56B19EC338 /* [CP] Embed Pods Frameworks */ = {
			isa = PBXShellScriptBuildPhase;
			buildActionMask = 2147483647;
			files = (
			);
			inputPaths = (
			);
			name = "[CP] Embed Pods Frameworks";
			outputPaths = (
			);
			runOnlyForDeploymentPostprocessing = 0;
			shellPath = /bin/sh;
			shellScript = "\"${SRCROOT}/Pods/Target Support Files/Pods-rainyshinycloudyUITests/Pods-rainyshinycloudyUITests-frameworks.sh\"\n";
			showEnvVarsInLog = 0;
		};
		8BCBE5F3E30DA0117EC766A8 /* [CP] Check Pods Manifest.lock */ = {
			isa = PBXShellScriptBuildPhase;
			buildActionMask = 2147483647;
			files = (
			);
			inputPaths = (
			);
			name = "[CP] Check Pods Manifest.lock";
			outputPaths = (
			);
			runOnlyForDeploymentPostprocessing = 0;
			shellPath = /bin/sh;
			shellScript = "diff \"${PODS_ROOT}/../Podfile.lock\" \"${PODS_ROOT}/Manifest.lock\" > /dev/null\nif [ $? != 0 ] ; then\n    # print error to STDERR\n    echo \"error: The sandbox is not in sync with the Podfile.lock. Run 'pod install' or update your CocoaPods installation.\" >&2\n    exit 1\nfi\n";
			showEnvVarsInLog = 0;
		};
		9B1285C9CF539F14A400F1BD /* [CP] Copy Pods Resources */ = {
			isa = PBXShellScriptBuildPhase;
			buildActionMask = 2147483647;
			files = (
			);
			inputPaths = (
			);
			name = "[CP] Copy Pods Resources";
			outputPaths = (
			);
			runOnlyForDeploymentPostprocessing = 0;
			shellPath = /bin/sh;
			shellScript = "\"${SRCROOT}/Pods/Target Support Files/Pods-rainyshinycloudyUITests/Pods-rainyshinycloudyUITests-resources.sh\"\n";
			showEnvVarsInLog = 0;
		};
		A3775BD1871545D532660B2C /* [CP] Embed Pods Frameworks */ = {
			isa = PBXShellScriptBuildPhase;
			buildActionMask = 2147483647;
			files = (
			);
			inputPaths = (
			);
			name = "[CP] Embed Pods Frameworks";
			outputPaths = (
			);
			runOnlyForDeploymentPostprocessing = 0;
			shellPath = /bin/sh;
			shellScript = "\"${SRCROOT}/Pods/Target Support Files/Pods-rainyshinycloudyTests/Pods-rainyshinycloudyTests-frameworks.sh\"\n";
			showEnvVarsInLog = 0;
		};
		AF9D9B44039D6C16DDDECC8D /* [CP] Embed Pods Frameworks */ = {
			isa = PBXShellScriptBuildPhase;
			buildActionMask = 2147483647;
			files = (
			);
			inputPaths = (
			);
			name = "[CP] Embed Pods Frameworks";
			outputPaths = (
			);
			runOnlyForDeploymentPostprocessing = 0;
			shellPath = /bin/sh;
			shellScript = "\"${SRCROOT}/Pods/Target Support Files/Pods-rainyshinycloudy/Pods-rainyshinycloudy-frameworks.sh\"\n";
			showEnvVarsInLog = 0;
		};
		D17BF6A87BD57789ADADED8E /* [CP] Check Pods Manifest.lock */ = {
			isa = PBXShellScriptBuildPhase;
			buildActionMask = 2147483647;
			files = (
			);
			inputPaths = (
			);
			name = "[CP] Check Pods Manifest.lock";
			outputPaths = (
			);
			runOnlyForDeploymentPostprocessing = 0;
			shellPath = /bin/sh;
			shellScript = "diff \"${PODS_ROOT}/../Podfile.lock\" \"${PODS_ROOT}/Manifest.lock\" > /dev/null\nif [ $? != 0 ] ; then\n    # print error to STDERR\n    echo \"error: The sandbox is not in sync with the Podfile.lock. Run 'pod install' or update your CocoaPods installation.\" >&2\n    exit 1\nfi\n";
			showEnvVarsInLog = 0;
		};
		F611436A1D5C5FB8BB260474 /* [CP] Copy Pods Resources */ = {
			isa = PBXShellScriptBuildPhase;
			buildActionMask = 2147483647;
			files = (
			);
			inputPaths = (
			);
			name = "[CP] Copy Pods Resources";
			outputPaths = (
			);
			runOnlyForDeploymentPostprocessing = 0;
			shellPath = /bin/sh;
			shellScript = "\"${SRCROOT}/Pods/Target Support Files/Pods-rainyshinycloudy/Pods-rainyshinycloudy-resources.sh\"\n";
			showEnvVarsInLog = 0;
		};
/* End PBXShellScriptBuildPhase section */

/* Begin PBXSourcesBuildPhase section */
		E79F163A1DC941AA004822EF /* Sources */ = {
			isa = PBXSourcesBuildPhase;
			buildActionMask = 2147483647;
			files = (
				E79F16781DC9553C004822EF /* Constants.swift in Sources */,
				E79F16761DC951E7004822EF /* WeatherTableViewCell.swift in Sources */,
				E7DA9BA51DCBFDCA00DE1A64 /* Location.swift in Sources */,
				E7DA9BA31DCBEABA00DE1A64 /* Forecast.swift in Sources */,
				E79F16441DC941AA004822EF /* WeatherViewController.swift in Sources */,
				E79F16421DC941AA004822EF /* AppDelegate.swift in Sources */,
				E79F167B1DC95721004822EF /* CurrentWeather.swift in Sources */,
				E79F164A1DC941AA004822EF /* rainyshinycloudy.xcdatamodeld in Sources */,
			);
			runOnlyForDeploymentPostprocessing = 0;
		};
		E79F16511DC941AA004822EF /* Sources */ = {
			isa = PBXSourcesBuildPhase;
			buildActionMask = 2147483647;
			files = (
				E79F165A1DC941AA004822EF /* rainyshinycloudyTests.swift in Sources */,
			);
			runOnlyForDeploymentPostprocessing = 0;
		};
		E79F165C1DC941AA004822EF /* Sources */ = {
			isa = PBXSourcesBuildPhase;
			buildActionMask = 2147483647;
			files = (
				E79F16651DC941AA004822EF /* rainyshinycloudyUITests.swift in Sources */,
			);
			runOnlyForDeploymentPostprocessing = 0;
		};
/* End PBXSourcesBuildPhase section */

/* Begin PBXTargetDependency section */
		E79F16571DC941AA004822EF /* PBXTargetDependency */ = {
			isa = PBXTargetDependency;
			target = E79F163D1DC941AA004822EF /* rainyshinycloudy */;
			targetProxy = E79F16561DC941AA004822EF /* PBXContainerItemProxy */;
		};
		E79F16621DC941AA004822EF /* PBXTargetDependency */ = {
			isa = PBXTargetDependency;
			target = E79F163D1DC941AA004822EF /* rainyshinycloudy */;
			targetProxy = E79F16611DC941AA004822EF /* PBXContainerItemProxy */;
		};
/* End PBXTargetDependency section */

/* Begin PBXVariantGroup section */
		E79F16451DC941AA004822EF /* Main.storyboard */ = {
			isa = PBXVariantGroup;
			children = (
				E79F16461DC941AA004822EF /* Base */,
			);
			name = Main.storyboard;
			sourceTree = "<group>";
		};
		E79F164D1DC941AA004822EF /* LaunchScreen.storyboard */ = {
			isa = PBXVariantGroup;
			children = (
				E79F164E1DC941AA004822EF /* Base */,
			);
			name = LaunchScreen.storyboard;
			sourceTree = "<group>";
		};
/* End PBXVariantGroup section */

/* Begin XCBuildConfiguration section */
		E79F16671DC941AA004822EF /* Debug */ = {
			isa = XCBuildConfiguration;
			buildSettings = {
				ALWAYS_SEARCH_USER_PATHS = NO;
				CLANG_ANALYZER_NONNULL = YES;
				CLANG_CXX_LANGUAGE_STANDARD = "gnu++0x";
				CLANG_CXX_LIBRARY = "libc++";
				CLANG_ENABLE_MODULES = YES;
				CLANG_ENABLE_OBJC_ARC = YES;
				CLANG_WARN_BOOL_CONVERSION = YES;
				CLANG_WARN_CONSTANT_CONVERSION = YES;
				CLANG_WARN_DIRECT_OBJC_ISA_USAGE = YES_ERROR;
				CLANG_WARN_DOCUMENTATION_COMMENTS = YES;
				CLANG_WARN_EMPTY_BODY = YES;
				CLANG_WARN_ENUM_CONVERSION = YES;
				CLANG_WARN_INFINITE_RECURSION = YES;
				CLANG_WARN_INT_CONVERSION = YES;
				CLANG_WARN_OBJC_ROOT_CLASS = YES_ERROR;
				CLANG_WARN_SUSPICIOUS_MOVES = YES;
				CLANG_WARN_UNREACHABLE_CODE = YES;
				CLANG_WARN__DUPLICATE_METHOD_MATCH = YES;
				"CODE_SIGN_IDENTITY[sdk=iphoneos*]" = "iPhone Developer";
				COPY_PHASE_STRIP = NO;
				DEBUG_INFORMATION_FORMAT = dwarf;
				ENABLE_STRICT_OBJC_MSGSEND = YES;
				ENABLE_TESTABILITY = YES;
				GCC_C_LANGUAGE_STANDARD = gnu99;
				GCC_DYNAMIC_NO_PIC = NO;
				GCC_NO_COMMON_BLOCKS = YES;
				GCC_OPTIMIZATION_LEVEL = 0;
				GCC_PREPROCESSOR_DEFINITIONS = (
					"DEBUG=1",
					"$(inherited)",
				);
				GCC_WARN_64_TO_32_BIT_CONVERSION = YES;
				GCC_WARN_ABOUT_RETURN_TYPE = YES_ERROR;
				GCC_WARN_UNDECLARED_SELECTOR = YES;
				GCC_WARN_UNINITIALIZED_AUTOS = YES_AGGRESSIVE;
				GCC_WARN_UNUSED_FUNCTION = YES;
				GCC_WARN_UNUSED_VARIABLE = YES;
				IPHONEOS_DEPLOYMENT_TARGET = 10.1;
				MTL_ENABLE_DEBUG_INFO = YES;
				ONLY_ACTIVE_ARCH = YES;
				SDKROOT = iphoneos;
				SWIFT_ACTIVE_COMPILATION_CONDITIONS = DEBUG;
				SWIFT_OPTIMIZATION_LEVEL = "-Onone";
			};
			name = Debug;
		};
		E79F16681DC941AA004822EF /* Release */ = {
			isa = XCBuildConfiguration;
			buildSettings = {
				ALWAYS_SEARCH_USER_PATHS = NO;
				CLANG_ANALYZER_NONNULL = YES;
				CLANG_CXX_LANGUAGE_STANDARD = "gnu++0x";
				CLANG_CXX_LIBRARY = "libc++";
				CLANG_ENABLE_MODULES = YES;
				CLANG_ENABLE_OBJC_ARC = YES;
				CLANG_WARN_BOOL_CONVERSION = YES;
				CLANG_WARN_CONSTANT_CONVERSION = YES;
				CLANG_WARN_DIRECT_OBJC_ISA_USAGE = YES_ERROR;
				CLANG_WARN_DOCUMENTATION_COMMENTS = YES;
				CLANG_WARN_EMPTY_BODY = YES;
				CLANG_WARN_ENUM_CONVERSION = YES;
				CLANG_WARN_INFINITE_RECURSION = YES;
				CLANG_WARN_INT_CONVERSION = YES;
				CLANG_WARN_OBJC_ROOT_CLASS = YES_ERROR;
				CLANG_WARN_SUSPICIOUS_MOVES = YES;
				CLANG_WARN_UNREACHABLE_CODE = YES;
				CLANG_WARN__DUPLICATE_METHOD_MATCH = YES;
				"CODE_SIGN_IDENTITY[sdk=iphoneos*]" = "iPhone Developer";
				COPY_PHASE_STRIP = NO;
				DEBUG_INFORMATION_FORMAT = "dwarf-with-dsym";
				ENABLE_NS_ASSERTIONS = NO;
				ENABLE_STRICT_OBJC_MSGSEND = YES;
				GCC_C_LANGUAGE_STANDARD = gnu99;
				GCC_NO_COMMON_BLOCKS = YES;
				GCC_WARN_64_TO_32_BIT_CONVERSION = YES;
				GCC_WARN_ABOUT_RETURN_TYPE = YES_ERROR;
				GCC_WARN_UNDECLARED_SELECTOR = YES;
				GCC_WARN_UNINITIALIZED_AUTOS = YES_AGGRESSIVE;
				GCC_WARN_UNUSED_FUNCTION = YES;
				GCC_WARN_UNUSED_VARIABLE = YES;
				IPHONEOS_DEPLOYMENT_TARGET = 10.1;
				MTL_ENABLE_DEBUG_INFO = NO;
				SDKROOT = iphoneos;
				SWIFT_OPTIMIZATION_LEVEL = "-Owholemodule";
				VALIDATE_PRODUCT = YES;
			};
			name = Release;
		};
		E79F166A1DC941AA004822EF /* Debug */ = {
			isa = XCBuildConfiguration;
			baseConfigurationReference = 514718FEFE92D60A7C8B338B /* Pods-rainyshinycloudy.debug.xcconfig */;
			buildSettings = {
				ASSETCATALOG_COMPILER_APPICON_NAME = AppIcon;
				DEVELOPMENT_TEAM = 54C4R8ZEE2;
				INFOPLIST_FILE = rainyshinycloudy/Info.plist;
				LD_RUNPATH_SEARCH_PATHS = "$(inherited) @executable_path/Frameworks";
				PRODUCT_BUNDLE_IDENTIFIER = uk.appinvent.rainyshinycloudy;
				PRODUCT_NAME = "$(TARGET_NAME)";
				SWIFT_VERSION = 3.0;
			};
			name = Debug;
		};
		E79F166B1DC941AA004822EF /* Release */ = {
			isa = XCBuildConfiguration;
			baseConfigurationReference = EF0DA99DF89991D6C73C3535 /* Pods-rainyshinycloudy.release.xcconfig */;
			buildSettings = {
				ASSETCATALOG_COMPILER_APPICON_NAME = AppIcon;
				DEVELOPMENT_TEAM = 54C4R8ZEE2;
				INFOPLIST_FILE = rainyshinycloudy/Info.plist;
				LD_RUNPATH_SEARCH_PATHS = "$(inherited) @executable_path/Frameworks";
				PRODUCT_BUNDLE_IDENTIFIER = uk.appinvent.rainyshinycloudy;
				PRODUCT_NAME = "$(TARGET_NAME)";
				SWIFT_VERSION = 3.0;
			};
			name = Release;
		};
		E79F166D1DC941AA004822EF /* Debug */ = {
			isa = XCBuildConfiguration;
			baseConfigurationReference = 8498675FBD3DE43863852EC1 /* Pods-rainyshinycloudyTests.debug.xcconfig */;
			buildSettings = {
				ALWAYS_EMBED_SWIFT_STANDARD_LIBRARIES = YES;
				BUNDLE_LOADER = "$(TEST_HOST)";
				DEVELOPMENT_TEAM = 54C4R8ZEE2;
				INFOPLIST_FILE = rainyshinycloudyTests/Info.plist;
				LD_RUNPATH_SEARCH_PATHS = "$(inherited) @executable_path/Frameworks @loader_path/Frameworks";
				PRODUCT_BUNDLE_IDENTIFIER = uk.appinvent.rainyshinycloudyTests;
				PRODUCT_NAME = "$(TARGET_NAME)";
				SWIFT_VERSION = 3.0;
				TEST_HOST = "$(BUILT_PRODUCTS_DIR)/rainyshinycloudy.app/rainyshinycloudy";
			};
			name = Debug;
		};
		E79F166E1DC941AA004822EF /* Release */ = {
			isa = XCBuildConfiguration;
			baseConfigurationReference = BB72E0E33FDC45D2924AE4CD /* Pods-rainyshinycloudyTests.release.xcconfig */;
			buildSettings = {
				ALWAYS_EMBED_SWIFT_STANDARD_LIBRARIES = YES;
				BUNDLE_LOADER = "$(TEST_HOST)";
				DEVELOPMENT_TEAM = 54C4R8ZEE2;
				INFOPLIST_FILE = rainyshinycloudyTests/Info.plist;
				LD_RUNPATH_SEARCH_PATHS = "$(inherited) @executable_path/Frameworks @loader_path/Frameworks";
				PRODUCT_BUNDLE_IDENTIFIER = uk.appinvent.rainyshinycloudyTests;
				PRODUCT_NAME = "$(TARGET_NAME)";
				SWIFT_VERSION = 3.0;
				TEST_HOST = "$(BUILT_PRODUCTS_DIR)/rainyshinycloudy.app/rainyshinycloudy";
			};
			name = Release;
		};
		E79F16701DC941AA004822EF /* Debug */ = {
			isa = XCBuildConfiguration;
			baseConfigurationReference = CB6825657C94481BB81067EA /* Pods-rainyshinycloudyUITests.debug.xcconfig */;
			buildSettings = {
				ALWAYS_EMBED_SWIFT_STANDARD_LIBRARIES = YES;
				DEVELOPMENT_TEAM = 54C4R8ZEE2;
				INFOPLIST_FILE = rainyshinycloudyUITests/Info.plist;
				LD_RUNPATH_SEARCH_PATHS = "$(inherited) @executable_path/Frameworks @loader_path/Frameworks";
				PRODUCT_BUNDLE_IDENTIFIER = uk.appinvent.rainyshinycloudyUITests;
				PRODUCT_NAME = "$(TARGET_NAME)";
				SWIFT_VERSION = 3.0;
				TEST_TARGET_NAME = rainyshinycloudy;
			};
			name = Debug;
		};
		E79F16711DC941AA004822EF /* Release */ = {
			isa = XCBuildConfiguration;
			baseConfigurationReference = F37D3C3D99675B5B6134AC41 /* Pods-rainyshinycloudyUITests.release.xcconfig */;
			buildSettings = {
				ALWAYS_EMBED_SWIFT_STANDARD_LIBRARIES = YES;
				DEVELOPMENT_TEAM = 54C4R8ZEE2;
				INFOPLIST_FILE = rainyshinycloudyUITests/Info.plist;
				LD_RUNPATH_SEARCH_PATHS = "$(inherited) @executable_path/Frameworks @loader_path/Frameworks";
				PRODUCT_BUNDLE_IDENTIFIER = uk.appinvent.rainyshinycloudyUITests;
				PRODUCT_NAME = "$(TARGET_NAME)";
				SWIFT_VERSION = 3.0;
				TEST_TARGET_NAME = rainyshinycloudy;
			};
			name = Release;
		};
/* End XCBuildConfiguration section */

/* Begin XCConfigurationList section */
		E79F16391DC941AA004822EF /* Build configuration list for PBXProject "rainyshinycloudy" */ = {
			isa = XCConfigurationList;
			buildConfigurations = (
				E79F16671DC941AA004822EF /* Debug */,
				E79F16681DC941AA004822EF /* Release */,
			);
			defaultConfigurationIsVisible = 0;
			defaultConfigurationName = Release;
		};
		E79F16691DC941AA004822EF /* Build configuration list for PBXNativeTarget "rainyshinycloudy" */ = {
			isa = XCConfigurationList;
			buildConfigurations = (
				E79F166A1DC941AA004822EF /* Debug */,
				E79F166B1DC941AA004822EF /* Release */,
			);
			defaultConfigurationIsVisible = 0;
			defaultConfigurationName = Release;
		};
		E79F166C1DC941AA004822EF /* Build configuration list for PBXNativeTarget "rainyshinycloudyTests" */ = {
			isa = XCConfigurationList;
			buildConfigurations = (
				E79F166D1DC941AA004822EF /* Debug */,
				E79F166E1DC941AA004822EF /* Release */,
			);
			defaultConfigurationIsVisible = 0;
			defaultConfigurationName = Release;
		};
		E79F166F1DC941AA004822EF /* Build configuration list for PBXNativeTarget "rainyshinycloudyUITests" */ = {
			isa = XCConfigurationList;
			buildConfigurations = (
				E79F16701DC941AA004822EF /* Debug */,
				E79F16711DC941AA004822EF /* Release */,
			);
			defaultConfigurationIsVisible = 0;
			defaultConfigurationName = Release;
		};
/* End XCConfigurationList section */

/* Begin XCVersionGroup section */
		E79F16481DC941AA004822EF /* rainyshinycloudy.xcdatamodeld */ = {
			isa = XCVersionGroup;
			children = (
				E79F16491DC941AA004822EF /* rainyshinycloudy.xcdatamodel */,
			);
			currentVersion = E79F16491DC941AA004822EF /* rainyshinycloudy.xcdatamodel */;
			path = rainyshinycloudy.xcdatamodeld;
			sourceTree = "<group>";
			versionGroupType = wrapper.xcdatamodel;
		};
/* End XCVersionGroup section */
	};
	rootObject = E79F16361DC941AA004822EF /* Project object */;
}
